
Microsoft Visual Studio Solution File, Format Version 12.00
# Visual Studio Version 17
VisualStudioVersion = 17.2.32616.157
MinimumVisualStudioVersion = 10.0.40219.1
Project("{9A19103F-16F7-4668-BE54-9A1E7A4F7556}") = "Infernus", "Infernus.csproj", "{5F326835-AEBB-4269-8B35-8AE76168F9D7}"
EndProject
Global
	GlobalSection(SolutionConfigurationPlatforms) = preSolution
		Debug|Any CPU = Debug|Any CPU
		Release|Any CPU = Release|Any CPU
	EndGlobalSection
	GlobalSection(ProjectConfigurationPlatforms) = postSolution
		{5F326835-AEBB-4269-8B35-8AE76168F9D7}.Debug|Any CPU.ActiveCfg = Debug|Any CPU
		{5F326835-AEBB-4269-8B35-8AE76168F9D7}.Debug|Any CPU.Build.0 = Debug|Any CPU
		{5F326835-AEBB-4269-8B35-8AE76168F9D7}.Release|Any CPU.ActiveCfg = Release|Any CPU
		{5F326835-AEBB-4269-8B35-8AE76168F9D7}.Release|Any CPU.Build.0 = Release|Any CPU
	EndGlobalSection
	GlobalSection(SolutionProperties) = preSolution
		HideSolutionNode = FALSE
	EndGlobalSection
	GlobalSection(ExtensibilityGlobals) = postSolution
		SolutionGuid = {409CB2D9-99FF-4AFB-8EE9-7367F1B69943}
	EndGlobalSection
EndGlobal
